Microsoft Visual Studio Solution File, Format Version 12.00
# Visual Studio Version 17
VisualStudioVersion = 17.0.31903.59
MinimumVisualStudioVersion = 10.0.40219.1
Project("{2150E333-8FDC-42A3-9474-1A3956D46DE8}") = "src", "src", "{C32F8D9F-1E21-4C11-8C87-059A19B2C78E}"
EndProject
Project("{2150E333-8FDC-42A3-9474-1A3956D46DE8}") = "tests", "tests", "{A6E96F47-C2F0-443D-88E4-B40B1FB0F03B}"
EndProject
Project("{FAE04EC0-301F-11D3-BF4B-00C04F79EFBC}") = "StructVault.Domain", "src\StructVault.Domain\StructVault.Domain.csproj", "{65EB6961-F067-4D3C-91B7-B775687987BB}"
EndProject
Project("{FAE04EC0-301F-11D3-BF4B-00C04F79EFBC}") = "StructVault.Application", "src\StructVault.Application\StructVault.Application.csproj", "{8FA5F984-FEE2-47A0-B3C5-0EA471E045B2}"
EndProject
Project("{FAE04EC0-301F-11D3-BF4B-00C04F79EFBC}") = "StructVault.Infrastructure", "src\StructVault.Infrastructure\StructVault.Infrastructure.csproj", "{C95C0D17-5B87-462E-92BB-F9940AFA8C24}"
EndProject
Project("{FAE04EC0-301F-11D3-BF4B-00C04F79EFBC}") = "StructVault.Persistence", "src\StructVault.Persistence\StructVault.Persistence.csproj", "{C900D3C0-1BA8-41A0-8C32-D21812D4192B}"
EndProject
Project("{FAE04EC0-301F-11D3-BF4B-00C04F79EFBC}") = "StructVault.Desktop", "src\StructVault.Desktop\StructVault.Desktop.csproj", "{4224E199-9C2E-4FB1-860E-2C83683CB0A9}"
EndProject
Project("{FAE04EC0-301F-11D3-BF4B-00C04F79EFBC}") = "StructVault.Architecture.Tests", "tests\StructVault.Architecture.Tests\StructVault.Architecture.Tests.csproj", "{8231D265-93D0-4792-88C4-843D326E3B63}"
EndProject
Global
	GlobalSection(SolutionConfigurationPlatforms) = preSolution
		Debug|Any CPU = Debug|Any CPU
		Release|Any CPU = Release|Any CPU
	EndGlobalSection
	GlobalSection(ProjectConfigurationPlatforms) = postSolution
		{65EB6961-F067-4D3C-91B7-B775687987BB}.Debug|Any CPU.ActiveCfg = Debug|Any CPU
		{65EB6961-F067-4D3C-91B7-B775687987BB}.Debug|Any CPU.Build.0 = Debug|Any CPU
		{65EB6961-F067-4D3C-91B7-B775687987BB}.Release|Any CPU.ActiveCfg = Release|Any CPU
		{65EB6961-F067-4D3C-91B7-B775687987BB}.Release|Any CPU.Build.0 = Release|Any CPU
		{8FA5F984-FEE2-47A0-B3C5-0EA471E045B2}.Debug|Any CPU.ActiveCfg = Debug|Any CPU
		{8FA5F984-FEE2-47A0-B3C5-0EA471E045B2}.Debug|Any CPU.Build.0 = Debug|Any CPU
		{8FA5F984-FEE2-47A0-B3C5-0EA471E045B2}.Release|Any CPU.ActiveCfg = Release|Any CPU
		{8FA5F984-FEE2-47A0-B3C5-0EA471E045B2}.Release|Any CPU.Build.0 = Release|Any CPU
		{C95C0D17-5B87-462E-92BB-F9940AFA8C24}.Debug|Any CPU.ActiveCfg = Debug|Any CPU
		{C95C0D17-5B87-462E-92BB-F9940AFA8C24}.Debug|Any CPU.Build.0 = Debug|Any CPU
		{C95C0D17-5B87-462E-92BB-F9940AFA8C24}.Release|Any CPU.ActiveCfg = Release|Any CPU
		{C95C0D17-5B87-462E-92BB-F9940AFA8C24}.Release|Any CPU.Build.0 = Release|Any CPU
		{C900D3C0-1BA8-41A0-8C32-D21812D4192B}.Debug|Any CPU.ActiveCfg = Debug|Any CPU
		{C900D3C0-1BA8-41A0-8C32-D21812D4192B}.Debug|Any CPU.Build.0 = Debug|Any CPU
		{C900D3C0-1BA8-41A0-8C32-D21812D4192B}.Release|Any CPU.ActiveCfg = Release|Any CPU
		{C900D3C0-1BA8-41A0-8C32-D21812D4192B}.Release|Any CPU.Build.0 = Release|Any CPU
		{4224E199-9C2E-4FB1-860E-2C83683CB0A9}.Debug|Any CPU.ActiveCfg = Debug|Any CPU
		{4224E199-9C2E-4FB1-860E-2C83683CB0A9}.Debug|Any CPU.Build.0 = Debug|Any CPU
		{4224E199-9C2E-4FB1-860E-2C83683CB0A9}.Release|Any CPU.ActiveCfg = Release|Any CPU
		{4224E199-9C2E-4FB1-860E-2C83683CB0A9}.Release|Any CPU.Build.0 = Release|Any CPU
		{8231D265-93D0-4792-88C4-843D326E3B63}.Debug|Any CPU.ActiveCfg = Debug|Any CPU
		{8231D265-93D0-4792-88C4-843D326E3B63}.Debug|Any CPU.Build.0 = Debug|Any CPU
		{8231D265-93D0-4792-88C4-843D326E3B63}.Release|Any CPU.ActiveCfg = Release|Any CPU
		{8231D265-93D0-4792-88C4-843D326E3B63}.Release|Any CPU.Build.0 = Release|Any CPU
	EndGlobalSection
	GlobalSection(SolutionProperties) = preSolution
		HideSolutionNode = FALSE
	EndGlobalSection
	GlobalSection(NestedProjects) = preSolution
		{65EB6961-F067-4D3C-91B7-B775687987BB} = {C32F8D9F-1E21-4C11-8C87-059A19B2C78E}
		{8FA5F984-FEE2-47A0-B3C5-0EA471E045B2} = {C32F8D9F-1E21-4C11-8C87-059A19B2C78E}
		{C95C0D17-5B87-462E-92BB-F9940AFA8C24} = {C32F8D9F-1E21-4C11-8C87-059A19B2C78E}
		{C900D3C0-1BA8-41A0-8C32-D21812D4192B} = {C32F8D9F-1E21-4C11-8C87-059A19B2C78E}
		{4224E199-9C2E-4FB1-860E-2C83683CB0A9} = {C32F8D9F-1E21-4C11-8C87-059A19B2C78E}
		{8231D265-93D0-4792-88C4-843D326E3B63} = {A6E96F47-C2F0-443D-88E4-B40B1FB0F03B}
	EndGlobalSection
EndGlobal